
Microsoft Visual Studio Solution File, Format Version 12.00
# Visual Studio 2015
Project("{FAE04EC0-301F-11D3-BF4B-00C04F79EFBC}") = "GameJamNov15.CSharp.Plugins", "GameJamNov15.CSharp.Plugins.csproj", "{AE48A1D7-147D-41BE-A70D-D3D05995A16C}"
EndProject
Project("{FAE04EC0-301F-11D3-BF4B-00C04F79EFBC}") = "GameJamNov15.CSharp", "GameJamNov15.CSharp.csproj", "{02DDF684-E43D-6F6B-CA08-6400D5DABD2D}"
EndProject
Project("{FAE04EC0-301F-11D3-BF4B-00C04F79EFBC}") = "GameJamNov15.CSharp.Editor", "GameJamNov15.CSharp.Editor.csproj", "{86BD8D77-361B-3FF4-FB0D-D84545D75DE1}"
EndProject
Global
	GlobalSection(SolutionConfigurationPlatforms) = preSolution
		Debug|Any CPU = Debug|Any CPU
		Release|Any CPU = Release|Any CPU
	EndGlobalSection
	GlobalSection(ProjectConfigurationPlatforms) = postSolution
		{AE48A1D7-147D-41BE-A70D-D3D05995A16C}.Debug|Any CPU.ActiveCfg = Debug|Any CPU
		{AE48A1D7-147D-41BE-A70D-D3D05995A16C}.Debug|Any CPU.Build.0 = Debug|Any CPU
		{AE48A1D7-147D-41BE-A70D-D3D05995A16C}.Release|Any CPU.ActiveCfg = Release|Any CPU
		{AE48A1D7-147D-41BE-A70D-D3D05995A16C}.Release|Any CPU.Build.0 = Release|Any CPU
		{02DDF684-E43D-6F6B-CA08-6400D5DABD2D}.Debug|Any CPU.ActiveCfg = Debug|Any CPU
		{02DDF684-E43D-6F6B-CA08-6400D5DABD2D}.Debug|Any CPU.Build.0 = Debug|Any CPU
		{02DDF684-E43D-6F6B-CA08-6400D5DABD2D}.Release|Any CPU.ActiveCfg = Release|Any CPU
		{02DDF684-E43D-6F6B-CA08-6400D5DABD2D}.Release|Any CPU.Build.0 = Release|Any CPU
		{86BD8D77-361B-3FF4-FB0D-D84545D75DE1}.Debug|Any CPU.ActiveCfg = Debug|Any CPU
		{86BD8D77-361B-3FF4-FB0D-D84545D75DE1}.Debug|Any CPU.Build.0 = Debug|Any CPU
		{86BD8D77-361B-3FF4-FB0D-D84545D75DE1}.Release|Any CPU.ActiveCfg = Release|Any CPU
		{86BD8D77-361B-3FF4-FB0D-D84545D75DE1}.Release|Any CPU.Build.0 = Release|Any CPU
	EndGlobalSection
	GlobalSection(SolutionProperties) = preSolution
		HideSolutionNode = FALSE
	EndGlobalSection
EndGlobal
